
Microsoft Visual Studio Solution File, Format Version 12.00
# Visual Studio Version 17
VisualStudioVersion = 17.10.35004.147
MinimumVisualStudioVersion = 10.0.40219.1
Project("{9A19103F-16F7-4668-BE54-9A1E7A4F7556}") = "FarmerLibrary", "FarmerLibrary\FarmerLibrary.csproj", "{8006DBB1-E199-40DA-BDD0-0524599CFCE4}"
EndProject
Project("{9A19103F-16F7-4668-BE54-9A1E7A4F7556}") = "FarmerTests", "FarmerTests\FarmerTests.csproj", "{53F3634B-4C78-4D74-86C9-E135A39E4985}"
EndProject
Project("{9A19103F-16F7-4668-BE54-9A1E7A4F7556}") = "FarmerGraphics", "FarmerGraphics\FarmerGraphics.csproj", "{9D31C671-5328-4F87-99EE-F6D4EAFC136E}"
EndProject
Global
	GlobalSection(SolutionConfigurationPlatforms) = preSolution
		Debug|Any CPU = Debug|Any CPU
		Release|Any CPU = Release|Any CPU
	EndGlobalSection
	GlobalSection(ProjectConfigurationPlatforms) = postSolution
		{8006DBB1-E199-40DA-BDD0-0524599CFCE4}.Debug|Any CPU.ActiveCfg = Debug|Any CPU
		{8006DBB1-E199-40DA-BDD0-0524599CFCE4}.Debug|Any CPU.Build.0 = Debug|Any CPU
		{8006DBB1-E199-40DA-BDD0-0524599CFCE4}.Release|Any CPU.ActiveCfg = Release|Any CPU
		{8006DBB1-E199-40DA-BDD0-0524599CFCE4}.Release|Any CPU.Build.0 = Release|Any CPU
		{53F3634B-4C78-4D74-86C9-E135A39E4985}.Debug|Any CPU.ActiveCfg = Debug|Any CPU
		{53F3634B-4C78-4D74-86C9-E135A39E4985}.Debug|Any CPU.Build.0 = Debug|Any CPU
		{53F3634B-4C78-4D74-86C9-E135A39E4985}.Release|Any CPU.ActiveCfg = Release|Any CPU
		{53F3634B-4C78-4D74-86C9-E135A39E4985}.Release|Any CPU.Build.0 = Release|Any CPU
		{9D31C671-5328-4F87-99EE-F6D4EAFC136E}.Debug|Any CPU.ActiveCfg = Debug|Any CPU
		{9D31C671-5328-4F87-99EE-F6D4EAFC136E}.Debug|Any CPU.Build.0 = Debug|Any CPU
		{9D31C671-5328-4F87-99EE-F6D4EAFC136E}.Release|Any CPU.ActiveCfg = Release|Any CPU
		{9D31C671-5328-4F87-99EE-F6D4EAFC136E}.Release|Any CPU.Build.0 = Release|Any CPU
	EndGlobalSection
	GlobalSection(SolutionProperties) = preSolution
		HideSolutionNode = FALSE
	EndGlobalSection
	GlobalSection(ExtensibilityGlobals) = postSolution
		SolutionGuid = {E9C75E98-D827-4590-A13C-5898EFDB5DD9}
	EndGlobalSection
EndGlobal
